
Microsoft Visual Studio Solution File, Format Version 12.00
# Visual Studio Version 16
VisualStudioVersion = 16.0.34601.136
MinimumVisualStudioVersion = 10.0.40219.1
Project("{FAE04EC0-301F-11D3-BF4B-00C04F79EFBC}") = "ConsoleApp2", "ConsoleApp2\ConsoleApp2.csproj", "{1C4A33C1-77F1-4490-8641-8C0D1E780745}"
EndProject
Global
	GlobalSection(SolutionConfigurationPlatforms) = preSolution
		Debug|Any CPU = Debug|Any CPU
		Release|Any CPU = Release|Any CPU
	EndGlobalSection
	GlobalSection(ProjectConfigurationPlatforms) = postSolution
		{1C4A33C1-77F1-4490-8641-8C0D1E780745}.Debug|Any CPU.ActiveCfg = Debug|Any CPU
		{1C4A33C1-77F1-4490-8641-8C0D1E780745}.Debug|Any CPU.Build.0 = Debug|Any CPU
		{1C4A33C1-77F1-4490-8641-8C0D1E780745}.Release|Any CPU.ActiveCfg = Release|Any CPU
		{1C4A33C1-77F1-4490-8641-8C0D1E780745}.Release|Any CPU.Build.0 = Release|Any CPU
	EndGlobalSection
	GlobalSection(SolutionProperties) = preSolution
		HideSolutionNode = FALSE
	EndGlobalSection
	GlobalSection(ExtensibilityGlobals) = postSolution
		SolutionGuid = {78B2867F-C1CA-48B5-8174-8B03884108C3}
	EndGlobalSection
EndGlobal
